{
  "name": "Sports-engagement-platform",
  "lockfileVersion": 3,
  "requires": true,
  "packages": {
    "": {
      "dependencies": {
        "react-unity-webgl": "^10.1.6"
      }
    },
    "node_modules/react": {
      "version": "19.2.4",
      "resolved": "https://registry.npmjs.org/react/-/react-19.2.4.tgz",
      "integrity": "sha512-9nfp2hYpCwOjAN+8TZFGhtWEwgvWHXqESH8qT89AT/lWklpLON22Lc8pEtnpsZz7VmawabSU0gCjnj8aC0euHQ==",
      "license": "MIT",
      "peer": true,
      "engines": {
        "node": ">=0.10.0"
      }
    },
    "node_modules/react-unity-webgl": {
      "version": "10.1.6",
      "resolved": "https://registry.npmjs.org/react-unity-webgl/-/react-unity-webgl-10.1.6.tgz",
      "integrity": "sha512-N67RdvdeCfKDpzxKdu9K1fnFpb0xmqDF2Qk74f4B07iP9H/4XouG/RjSK4hYYCUmzeBv76G7DWTUK7hgF43TYw==",
      "funding": [
        {
          "type": "github",
          "url": "https://github.com/sponsors/jeffreylanters"
        },
        {
          "type": "website",
          "url": "https://react-unity-webgl.dev/support"
        }
      ],
      "license": "Apache-2.0",
      "peerDependencies": {
        "react": ">=16.8.0"
      }
    }
  }
}
